{
  "version": 1,
  "dependencies": {
    "net8.0-windows7.0": {
      "DalamudPackager": {
        "type": "Direct",
        "requested": "[2.1.12, )",
        "resolved": "2.1.12",
        "contentHash": "Sc0PVxvgg4NQjcI8n10/VfUQBAS4O+Fw2pZrAqBdRMbthYGeogzu5+xmIGCGmsEZ/ukMOBuAqiNiB5qA3MRalg=="
      },
      "Meziantou.Analyzer": {
        "type": "Direct",
        "requested": "[2.0.149, )",
        "resolved": "2.0.149",
        "contentHash": "nJaiWMp6AlosBpl3sJO/frbqiImPBHodaJpcwlA/ez3zwjj9ZF4oeH0tWHSRFW8+e5mJMswlc3Kwl8DFskVOCg=="
      }
    }
  }
}